
Microsoft Visual Studio Solution File, Format Version 12.00
# Visual Studio Version 17
VisualStudioVersion = 17.3.32929.385
MinimumVisualStudioVersion = 10.0.40219.1
Project("{FAE04EC0-301F-11D3-BF4B-00C04F79EFBC}") = "OOP_Hamburgeci", "OOP_Hamburgeci\OOP_Hamburgeci.csproj", "{B8F50A4C-7E1E-45CB-AC4D-104179BE2283}"
EndProject
Global
	GlobalSection(SolutionConfigurationPlatforms) = preSolution
		Debug|Any CPU = Debug|Any CPU
		Release|Any CPU = Release|Any CPU
	EndGlobalSection
	GlobalSection(ProjectConfigurationPlatforms) = postSolution
		{B8F50A4C-7E1E-45CB-AC4D-104179BE2283}.Debug|Any CPU.ActiveCfg = Debug|Any CPU
		{B8F50A4C-7E1E-45CB-AC4D-104179BE2283}.Debug|Any CPU.Build.0 = Debug|Any CPU
		{B8F50A4C-7E1E-45CB-AC4D-104179BE2283}.Release|Any CPU.ActiveCfg = Release|Any CPU
		{B8F50A4C-7E1E-45CB-AC4D-104179BE2283}.Release|Any CPU.Build.0 = Release|Any CPU
	EndGlobalSection
	GlobalSection(SolutionProperties) = preSolution
		HideSolutionNode = FALSE
	EndGlobalSection
	GlobalSection(ExtensibilityGlobals) = postSolution
		SolutionGuid = {5D18834E-1594-4443-82BC-E57EC2938F47}
	EndGlobalSection
EndGlobal
